
Microsoft Visual Studio Solution File, Format Version 12.00
# Visual Studio 15
VisualStudioVersion = 15.0.28010.2016
MinimumVisualStudioVersion = 10.0.40219.1
Project("{8BC9CEB8-8B4A-11D0-8D11-00A0C91BC942}") = "C언어콘서트_배열", "C언어콘서트_배열\C언어콘서트_배열.vcxproj", "{31AD396C-115B-4B52-A3AF-7015C1732062}"
EndProject
Global
	GlobalSection(SolutionConfigurationPlatforms) = preSolution
		Debug|x64 = Debug|x64
		Debug|x86 = Debug|x86
		Release|x64 = Release|x64
		Release|x86 = Release|x86
	EndGlobalSection
	GlobalSection(ProjectConfigurationPlatforms) = postSolution
		{31AD396C-115B-4B52-A3AF-7015C1732062}.Debug|x64.ActiveCfg = Debug|x64
		{31AD396C-115B-4B52-A3AF-7015C1732062}.Debug|x64.Build.0 = Debug|x64
		{31AD396C-115B-4B52-A3AF-7015C1732062}.Debug|x86.ActiveCfg = Debug|Win32
		{31AD396C-115B-4B52-A3AF-7015C1732062}.Debug|x86.Build.0 = Debug|Win32
		{31AD396C-115B-4B52-A3AF-7015C1732062}.Release|x64.ActiveCfg = Release|x64
		{31AD396C-115B-4B52-A3AF-7015C1732062}.Release|x64.Build.0 = Release|x64
		{31AD396C-115B-4B52-A3AF-7015C1732062}.Release|x86.ActiveCfg = Release|Win32
		{31AD396C-115B-4B52-A3AF-7015C1732062}.Release|x86.Build.0 = Release|Win32
	EndGlobalSection
	GlobalSection(SolutionProperties) = preSolution
		HideSolutionNode = FALSE
	EndGlobalSection
	GlobalSection(ExtensibilityGlobals) = postSolution
		SolutionGuid = {D3A0240A-4DE8-464C-8A89-69D5354381ED}
	EndGlobalSection
EndGlobal
