
Microsoft Visual Studio Solution File, Format Version 12.00
# Visual Studio 15
VisualStudioVersion = 15.0.28010.2016
MinimumVisualStudioVersion = 10.0.40219.1
Project("{8BC9CEB8-8B4A-11D0-8D11-00A0C91BC942}") = "열혈_Chapter14_포인터와 함수에 대한 이해", "열혈_Chapter14_포인터와 함수에 대한 이해\열혈_Chapter14_포인터와 함수에 대한 이해.vcxproj", "{3379AE5D-22AE-49FF-B802-76EB38EA7BA8}"
EndProject
Global
	GlobalSection(SolutionConfigurationPlatforms) = preSolution
		Debug|x64 = Debug|x64
		Debug|x86 = Debug|x86
		Release|x64 = Release|x64
		Release|x86 = Release|x86
	EndGlobalSection
	GlobalSection(ProjectConfigurationPlatforms) = postSolution
		{3379AE5D-22AE-49FF-B802-76EB38EA7BA8}.Debug|x64.ActiveCfg = Debug|x64
		{3379AE5D-22AE-49FF-B802-76EB38EA7BA8}.Debug|x64.Build.0 = Debug|x64
		{3379AE5D-22AE-49FF-B802-76EB38EA7BA8}.Debug|x86.ActiveCfg = Debug|Win32
		{3379AE5D-22AE-49FF-B802-76EB38EA7BA8}.Debug|x86.Build.0 = Debug|Win32
		{3379AE5D-22AE-49FF-B802-76EB38EA7BA8}.Release|x64.ActiveCfg = Release|x64
		{3379AE5D-22AE-49FF-B802-76EB38EA7BA8}.Release|x64.Build.0 = Release|x64
		{3379AE5D-22AE-49FF-B802-76EB38EA7BA8}.Release|x86.ActiveCfg = Release|Win32
		{3379AE5D-22AE-49FF-B802-76EB38EA7BA8}.Release|x86.Build.0 = Release|Win32
	EndGlobalSection
	GlobalSection(SolutionProperties) = preSolution
		HideSolutionNode = FALSE
	EndGlobalSection
	GlobalSection(ExtensibilityGlobals) = postSolution
		SolutionGuid = {9A59A951-DEB9-4B64-8244-2E0536E47EC9}
	EndGlobalSection
EndGlobal
