
Microsoft Visual Studio Solution File, Format Version 12.00
# Visual Studio 15
VisualStudioVersion = 15.0.28010.2016
MinimumVisualStudioVersion = 10.0.40219.1
Project("{8BC9CEB8-8B4A-11D0-8D11-00A0C91BC942}") = "9_27", "9_27\9_27.vcxproj", "{0BF8794F-601E-456C-B432-1E5F5A1560DE}"
EndProject
Global
	GlobalSection(SolutionConfigurationPlatforms) = preSolution
		Debug|x64 = Debug|x64
		Debug|x86 = Debug|x86
		Release|x64 = Release|x64
		Release|x86 = Release|x86
	EndGlobalSection
	GlobalSection(ProjectConfigurationPlatforms) = postSolution
		{0BF8794F-601E-456C-B432-1E5F5A1560DE}.Debug|x64.ActiveCfg = Debug|x64
		{0BF8794F-601E-456C-B432-1E5F5A1560DE}.Debug|x64.Build.0 = Debug|x64
		{0BF8794F-601E-456C-B432-1E5F5A1560DE}.Debug|x86.ActiveCfg = Debug|Win32
		{0BF8794F-601E-456C-B432-1E5F5A1560DE}.Debug|x86.Build.0 = Debug|Win32
		{0BF8794F-601E-456C-B432-1E5F5A1560DE}.Release|x64.ActiveCfg = Release|x64
		{0BF8794F-601E-456C-B432-1E5F5A1560DE}.Release|x64.Build.0 = Release|x64
		{0BF8794F-601E-456C-B432-1E5F5A1560DE}.Release|x86.ActiveCfg = Release|Win32
		{0BF8794F-601E-456C-B432-1E5F5A1560DE}.Release|x86.Build.0 = Release|Win32
	EndGlobalSection
	GlobalSection(SolutionProperties) = preSolution
		HideSolutionNode = FALSE
	EndGlobalSection
	GlobalSection(ExtensibilityGlobals) = postSolution
		SolutionGuid = {792AAEBA-1686-40BF-B491-571815A54A77}
	EndGlobalSection
EndGlobal
