
Microsoft Visual Studio Solution File, Format Version 12.00
# Visual Studio 15
VisualStudioVersion = 15.0.28010.2016
MinimumVisualStudioVersion = 10.0.40219.1
Project("{8BC9CEB8-8B4A-11D0-8D11-00A0C91BC942}") = "Pro 3-3", "Pro 3-3\Pro 3-3.vcxproj", "{EA5ED318-1495-45EC-AF73-BBB0F2CD9087}"
EndProject
Global
	GlobalSection(SolutionConfigurationPlatforms) = preSolution
		Debug|x64 = Debug|x64
		Debug|x86 = Debug|x86
		Release|x64 = Release|x64
		Release|x86 = Release|x86
	EndGlobalSection
	GlobalSection(ProjectConfigurationPlatforms) = postSolution
		{EA5ED318-1495-45EC-AF73-BBB0F2CD9087}.Debug|x64.ActiveCfg = Debug|x64
		{EA5ED318-1495-45EC-AF73-BBB0F2CD9087}.Debug|x64.Build.0 = Debug|x64
		{EA5ED318-1495-45EC-AF73-BBB0F2CD9087}.Debug|x86.ActiveCfg = Debug|Win32
		{EA5ED318-1495-45EC-AF73-BBB0F2CD9087}.Debug|x86.Build.0 = Debug|Win32
		{EA5ED318-1495-45EC-AF73-BBB0F2CD9087}.Release|x64.ActiveCfg = Release|x64
		{EA5ED318-1495-45EC-AF73-BBB0F2CD9087}.Release|x64.Build.0 = Release|x64
		{EA5ED318-1495-45EC-AF73-BBB0F2CD9087}.Release|x86.ActiveCfg = Release|Win32
		{EA5ED318-1495-45EC-AF73-BBB0F2CD9087}.Release|x86.Build.0 = Release|Win32
	EndGlobalSection
	GlobalSection(SolutionProperties) = preSolution
		HideSolutionNode = FALSE
	EndGlobalSection
	GlobalSection(ExtensibilityGlobals) = postSolution
		SolutionGuid = {002F5EF9-3787-419A-A3F5-E3969D58077A}
	EndGlobalSection
EndGlobal
